// !$*UTF8*$!
{
	archiveVersion = 1;
	classes = {
	};
	objectVersion = 46;
	objects = {

/* Begin PBXBuildFile section */
		B10B8D2C1E5E6A8700339933 /* User.swift in Sources */ = {isa = PBXBuildFile; fileRef = B10B8D2B1E5E6A8700339933 /* User.swift */; };
		B10B8D2E1E5E6A9E00339933 /* Tweet.swift in Sources */ = {isa = PBXBuildFile; fileRef = B10B8D2D1E5E6A9E00339933 /* Tweet.swift */; };
		B14DCEC81E60ABDC00839BC5 /* TwitterLogo.png in Resources */ = {isa = PBXBuildFile; fileRef = B14DCEC71E60ABDC00839BC5 /* TwitterLogo.png */; };
		B1528AD81E64BDB800320C52 /* Splash.png in Resources */ = {isa = PBXBuildFile; fileRef = B1528AD71E64BDB800320C52 /* Splash.png */; };
		B1528ADA1E64BF7700320C52 /* AnimationViewController.swift in Sources */ = {isa = PBXBuildFile; fileRef = B1528AD91E64BF7700320C52 /* AnimationViewController.swift */; };
		B1528ADC1E64C86F00320C52 /* favor-icon.png in Resources */ = {isa = PBXBuildFile; fileRef = B1528ADB1E64C86F00320C52 /* favor-icon.png */; };
		B1528ADE1E64CB5100320C52 /* retweet-icon.png in Resources */ = {isa = PBXBuildFile; fileRef = B1528ADD1E64CB5100320C52 /* retweet-icon.png */; };
		B1528AE01E65120100320C52 /* InfiniteScrollActivityView.swift in Sources */ = {isa = PBXBuildFile; fileRef = B1528ADF1E65120100320C52 /* InfiniteScrollActivityView.swift */; };
		B1528AE31E6521D800320C52 /* Main.storyboard in Resources */ = {isa = PBXBuildFile; fileRef = B1528AE11E6521D800320C52 /* Main.storyboard */; };
		B16864891E5E75F300EB0AF8 /* TwitterClient.swift in Sources */ = {isa = PBXBuildFile; fileRef = B16864881E5E75F300EB0AF8 /* TwitterClient.swift */; };
		B168648B1E5E804E00EB0AF8 /* TweetsViewController.swift in Sources */ = {isa = PBXBuildFile; fileRef = B168648A1E5E804E00EB0AF8 /* TweetsViewController.swift */; };
		B184F21E1E5C9BF500E11358 /* twitter_assets in Resources */ = {isa = PBXBuildFile; fileRef = B184F21D1E5C9BF500E11358 /* twitter_assets */; };
		B184F2201E5C9D2D00E11358 /* LoginViewController.swift in Sources */ = {isa = PBXBuildFile; fileRef = B184F21F1E5C9D2D00E11358 /* LoginViewController.swift */; };
		B1A9061C1E60823F009EE1ED /* StatusTableViewCell.swift in Sources */ = {isa = PBXBuildFile; fileRef = B1A9061B1E60823F009EE1ED /* StatusTableViewCell.swift */; };
		B1BA73471E67557A0072B8CA /* retweet-icon-green.png in Resources */ = {isa = PBXBuildFile; fileRef = B1BA73461E67557A0072B8CA /* retweet-icon-green.png */; };
		B1BA73491E6756260072B8CA /* favor-icon-red.png in Resources */ = {isa = PBXBuildFile; fileRef = B1BA73481E6756260072B8CA /* favor-icon-red.png */; };
		B1F3D7F21E5C9B3000E184A0 /* AppDelegate.swift in Sources */ = {isa = PBXBuildFile; fileRef = B1F3D7F11E5C9B3000E184A0 /* AppDelegate.swift */; };
		B1F3D7F91E5C9B3000E184A0 /* Assets.xcassets in Resources */ = {isa = PBXBuildFile; fileRef = B1F3D7F81E5C9B3000E184A0 /* Assets.xcassets */; };
		B1F3D7FC1E5C9B3000E184A0 /* LaunchScreen.storyboard in Resources */ = {isa = PBXBuildFile; fileRef = B1F3D7FA1E5C9B3000E184A0 /* LaunchScreen.storyboard */; };
		CF98398C2E8827CE1C05CF3A /* Pods_Twitter.framework in Frameworks */ = {isa = PBXBuildFile; fileRef = 229B703B393522C207901E81 /* Pods_Twitter.framework */; };
/* End PBXBuildFile section */

/* Begin PBXFileReference section */
		0CCFE1FB34B063DBCB4C0B02 /* Pods-Twitter.release.xcconfig */ = {isa = PBXFileReference; includeInIndex = 1; lastKnownFileType = text.xcconfig; name = "Pods-Twitter.release.xcconfig"; path = "Pods/Target Support Files/Pods-Twitter/Pods-Twitter.release.xcconfig"; sourceTree = "<group>"; };
		229B703B393522C207901E81 /* Pods_Twitter.framework */ = {isa = PBXFileReference; explicitFileType = wrapper.framework; includeInIndex = 0; path = Pods_Twitter.framework; sourceTree = BUILT_PRODUCTS_DIR; };
		86A0DB13C43BA08EA3A0D9E7 /* Pods-Twitter.debug.xcconfig */ = {isa = PBXFileReference; includeInIndex = 1; lastKnownFileType = text.xcconfig; name = "Pods-Twitter.debug.xcconfig"; path = "Pods/Target Support Files/Pods-Twitter/Pods-Twitter.debug.xcconfig"; sourceTree = "<group>"; };
		B10B8D2B1E5E6A8700339933 /* User.swift */ = {isa = PBXFileReference; fileEncoding = 4; lastKnownFileType = sourcecode.swift; path = User.swift; sourceTree = "<group>"; };
		B10B8D2D1E5E6A9E00339933 /* Tweet.swift */ = {isa = PBXFileReference; fileEncoding = 4; lastKnownFileType = sourcecode.swift; path = Tweet.swift; sourceTree = "<group>"; };
		B14DCEC71E60ABDC00839BC5 /* TwitterLogo.png */ = {isa = PBXFileReference; lastKnownFileType = image.png; name = TwitterLogo.png; path = twitter_assets/TwitterLogoBlue.imageset/TwitterLogo.png; sourceTree = "<group>"; };
		B1528AD71E64BDB800320C52 /* Splash.png */ = {isa = PBXFileReference; lastKnownFileType = image.png; path = Splash.png; sourceTree = "<group>"; };
		B1528AD91E64BF7700320C52 /* AnimationViewController.swift */ = {isa = PBXFileReference; fileEncoding = 4; lastKnownFileType = sourcecode.swift; path = AnimationViewController.swift; sourceTree = "<group>"; };
		B1528ADB1E64C86F00320C52 /* favor-icon.png */ = {isa = PBXFileReference; lastKnownFileType = image.png; name = "favor-icon.png"; path = "twitter_assets/favor-icon.imageset/favor-icon.png"; sourceTree = "<group>"; };
		B1528ADD1E64CB5100320C52 /* retweet-icon.png */ = {isa = PBXFileReference; lastKnownFileType = image.png; name = "retweet-icon.png"; path = "twitter_assets/retweet-icon.imageset/retweet-icon.png"; sourceTree = "<group>"; };
		B1528ADF1E65120100320C52 /* InfiniteScrollActivityView.swift */ = {isa = PBXFileReference; fileEncoding = 4; lastKnownFileType = sourcecode.swift; path = InfiniteScrollActivityView.swift; sourceTree = "<group>"; };
		B1528AE21E6521D800320C52 /* Base */ = {isa = PBXFileReference; lastKnownFileType = file.storyboard; name = Base; path = Base.lproj/Main.storyboard; sourceTree = "<group>"; };
		B16864881E5E75F300EB0AF8 /* TwitterClient.swift */ = {isa = PBXFileReference; fileEncoding = 4; lastKnownFileType = sourcecode.swift; path = TwitterClient.swift; sourceTree = "<group>"; };
		B168648A1E5E804E00EB0AF8 /* TweetsViewController.swift */ = {isa = PBXFileReference; fileEncoding = 4; lastKnownFileType = sourcecode.swift; path = TweetsViewController.swift; sourceTree = "<group>"; };
		B184F21D1E5C9BF500E11358 /* twitter_assets */ = {isa = PBXFileReference; lastKnownFileType = folder; path = twitter_assets; sourceTree = "<group>"; };
		B184F21F1E5C9D2D00E11358 /* LoginViewController.swift */ = {isa = PBXFileReference; fileEncoding = 4; lastKnownFileType = sourcecode.swift; path = LoginViewController.swift; sourceTree = "<group>"; };
		B1A9061B1E60823F009EE1ED /* StatusTableViewCell.swift */ = {isa = PBXFileReference; fileEncoding = 4; lastKnownFileType = sourcecode.swift; path = StatusTableViewCell.swift; sourceTree = "<group>"; };
		B1BA73461E67557A0072B8CA /* retweet-icon-green.png */ = {isa = PBXFileReference; lastKnownFileType = image.png; name = "retweet-icon-green.png"; path = "twitter_assets/retweet-icon-green.imageset/retweet-icon-green.png"; sourceTree = "<group>"; };
		B1BA73481E6756260072B8CA /* favor-icon-red.png */ = {isa = PBXFileReference; lastKnownFileType = image.png; name = "favor-icon-red.png"; path = "twitter_assets/favor-icon-red.imageset/favor-icon-red.png"; sourceTree = "<group>"; };
		B1F3D7EE1E5C9B3000E184A0 /* Twitter.app */ = {isa = PBXFileReference; explicitFileType = wrapper.application; includeInIndex = 0; path = Twitter.app; sourceTree = BUILT_PRODUCTS_DIR; };
		B1F3D7F11E5C9B3000E184A0 /* AppDelegate.swift */ = {isa = PBXFileReference; lastKnownFileType = sourcecode.swift; path = AppDelegate.swift; sourceTree = "<group>"; };
		B1F3D7F81E5C9B3000E184A0 /* Assets.xcassets */ = {isa = PBXFileReference; lastKnownFileType = folder.assetcatalog; path = Assets.xcassets; sourceTree = "<group>"; };
		B1F3D7FB1E5C9B3000E184A0 /* Base */ = {isa = PBXFileReference; lastKnownFileType = file.storyboard; name = Base; path = Base.lproj/LaunchScreen.storyboard; sourceTree = "<group>"; };
		B1F3D7FD1E5C9B3000E184A0 /* Info.plist */ = {isa = PBXFileReference; lastKnownFileType = text.plist.xml; path = Info.plist; sourceTree = "<group>"; };
/* End PBXFileReference section */

/* Begin PBXFrameworksBuildPhase section */
		B1F3D7EB1E5C9B3000E184A0 /* Frameworks */ = {
			isa = PBXFrameworksBuildPhase;
			buildActionMask = 2147483647;
			files = (
				CF98398C2E8827CE1C05CF3A /* Pods_Twitter.framework in Frameworks */,
			);
			runOnlyForDeploymentPostprocessing = 0;
		};
/* End PBXFrameworksBuildPhase section */

/* Begin PBXGroup section */
		2053BB0CF03136E37A2142D2 /* Pods */ = {
			isa = PBXGroup;
			children = (
				86A0DB13C43BA08EA3A0D9E7 /* Pods-Twitter.debug.xcconfig */,
				0CCFE1FB34B063DBCB4C0B02 /* Pods-Twitter.release.xcconfig */,
			);
			name = Pods;
			sourceTree = "<group>";
		};
		9C35AA3AD62F4855BC3E6E12 /* Frameworks */ = {
			isa = PBXGroup;
			children = (
				229B703B393522C207901E81 /* Pods_Twitter.framework */,
			);
			name = Frameworks;
			sourceTree = "<group>";
		};
		B10B8D281E5E6A3900339933 /* API */ = {
			isa = PBXGroup;
			children = (
				B16864881E5E75F300EB0AF8 /* TwitterClient.swift */,
			);
			name = API;
			sourceTree = "<group>";
		};
		B10B8D291E5E6A4100339933 /* View Controller */ = {
			isa = PBXGroup;
			children = (
				B184F21F1E5C9D2D00E11358 /* LoginViewController.swift */,
				B168648A1E5E804E00EB0AF8 /* TweetsViewController.swift */,
				B1528AD91E64BF7700320C52 /* AnimationViewController.swift */,
			);
			name = "View Controller";
			sourceTree = "<group>";
		};
		B10B8D2A1E5E6A4E00339933 /* Models */ = {
			isa = PBXGroup;
			children = (
				B10B8D2B1E5E6A8700339933 /* User.swift */,
				B10B8D2D1E5E6A9E00339933 /* Tweet.swift */,
			);
			name = Models;
			sourceTree = "<group>";
		};
		B1F3D7E51E5C9B3000E184A0 = {
			isa = PBXGroup;
			children = (
				B1F3D7F01E5C9B3000E184A0 /* Twitter */,
				B1F3D7EF1E5C9B3000E184A0 /* Products */,
				2053BB0CF03136E37A2142D2 /* Pods */,
				9C35AA3AD62F4855BC3E6E12 /* Frameworks */,
			);
			sourceTree = "<group>";
		};
		B1F3D7EF1E5C9B3000E184A0 /* Products */ = {
			isa = PBXGroup;
			children = (
				B1F3D7EE1E5C9B3000E184A0 /* Twitter.app */,
			);
			name = Products;
			sourceTree = "<group>";
		};
		B1F3D7F01E5C9B3000E184A0 /* Twitter */ = {
			isa = PBXGroup;
			children = (
				B1528AD71E64BDB800320C52 /* Splash.png */,
				B14DCEC71E60ABDC00839BC5 /* TwitterLogo.png */,
				B1528ADB1E64C86F00320C52 /* favor-icon.png */,
				B1528ADD1E64CB5100320C52 /* retweet-icon.png */,
				B1BA73461E67557A0072B8CA /* retweet-icon-green.png */,
				B1BA73481E6756260072B8CA /* favor-icon-red.png */,
				B10B8D2A1E5E6A4E00339933 /* Models */,
				B10B8D291E5E6A4100339933 /* View Controller */,
				B10B8D281E5E6A3900339933 /* API */,
				B184F21D1E5C9BF500E11358 /* twitter_assets */,
				B1F3D7F11E5C9B3000E184A0 /* AppDelegate.swift */,
				B1528AE11E6521D800320C52 /* Main.storyboard */,
				B1F3D7F81E5C9B3000E184A0 /* Assets.xcassets */,
				B1F3D7FA1E5C9B3000E184A0 /* LaunchScreen.storyboard */,
				B1F3D7FD1E5C9B3000E184A0 /* Info.plist */,
				B1A9061B1E60823F009EE1ED /* StatusTableViewCell.swift */,
				B1528ADF1E65120100320C52 /* InfiniteScrollActivityView.swift */,
			);
			path = Twitter;
			sourceTree = "<group>";
		};
/* End PBXGroup section */

/* Begin PBXNativeTarget section */
		B1F3D7ED1E5C9B3000E184A0 /* Twitter */ = {
			isa = PBXNativeTarget;
			buildConfigurationList = B1F3D8001E5C9B3000E184A0 /* Build configuration list for PBXNativeTarget "Twitter" */;
			buildPhases = (
				831CAD5DC65D85D7EA5D3BC1 /* [CP] Check Pods Manifest.lock */,
				B1F3D7EA1E5C9B3000E184A0 /* Sources */,
				B1F3D7EB1E5C9B3000E184A0 /* Frameworks */,
				B1F3D7EC1E5C9B3000E184A0 /* Resources */,
				0215ABDFA2DCC53D56AA204F /* [CP] Embed Pods Frameworks */,
				6A25E3419A6D15ECBAE0FAF7 /* [CP] Copy Pods Resources */,
			);
			buildRules = (
			);
			dependencies = (
			);
			name = Twitter;
			productName = Twitter;
			productReference = B1F3D7EE1E5C9B3000E184A0 /* Twitter.app */;
			productType = "com.apple.product-type.application";
		};
/* End PBXNativeTarget section */

/* Begin PBXProject section */
		B1F3D7E61E5C9B3000E184A0 /* Project object */ = {
			isa = PBXProject;
			attributes = {
				LastSwiftUpdateCheck = 0820;
				LastUpgradeCheck = 0820;
				ORGANIZATIONNAME = "Pratyush Thapa";
				TargetAttributes = {
					B1F3D7ED1E5C9B3000E184A0 = {
						CreatedOnToolsVersion = 8.2.1;
						ProvisioningStyle = Automatic;
					};
				};
			};
			buildConfigurationList = B1F3D7E91E5C9B3000E184A0 /* Build configuration list for PBXProject "Twitter" */;
			compatibilityVersion = "Xcode 3.2";
			developmentRegion = English;
			hasScannedForEncodings = 0;
			knownRegions = (
				en,
				Base,
			);
			mainGroup = B1F3D7E51E5C9B3000E184A0;
			productRefGroup = B1F3D7EF1E5C9B3000E184A0 /* Products */;
			projectDirPath = "";
			projectRoot = "";
			targets = (
				B1F3D7ED1E5C9B3000E184A0 /* Twitter */,
			);
		};
/* End PBXProject section */

/* Begin PBXResourcesBuildPhase section */
		B1F3D7EC1E5C9B3000E184A0 /* Resources */ = {
			isa = PBXResourcesBuildPhase;
			buildActionMask = 2147483647;
			files = (
				B14DCEC81E60ABDC00839BC5 /* TwitterLogo.png in Resources */,
				B1BA73491E6756260072B8CA /* favor-icon-red.png in Resources */,
				B1528ADE1E64CB5100320C52 /* retweet-icon.png in Resources */,
				B1528ADC1E64C86F00320C52 /* favor-icon.png in Resources */,
				B1528AE31E6521D800320C52 /* Main.storyboard in Resources */,
				B1F3D7FC1E5C9B3000E184A0 /* LaunchScreen.storyboard in Resources */,
				B1F3D7F91E5C9B3000E184A0 /* Assets.xcassets in Resources */,
				B1528AD81E64BDB800320C52 /* Splash.png in Resources */,
				B184F21E1E5C9BF500E11358 /* twitter_assets in Resources */,
				B1BA73471E67557A0072B8CA /* retweet-icon-green.png in Resources */,
			);
			runOnlyForDeploymentPostprocessing = 0;
		};
/* End PBXResourcesBuildPhase section */

/* Begin PBXShellScriptBuildPhase section */
		0215ABDFA2DCC53D56AA204F /* [CP] Embed Pods Frameworks */ = {
			isa = PBXShellScriptBuildPhase;
			buildActionMask = 2147483647;
			files = (
			);
			inputPaths = (
			);
			name = "[CP] Embed Pods Frameworks";
			outputPaths = (
			);
			runOnlyForDeploymentPostprocessing = 0;
			shellPath = /bin/sh;
			shellScript = "\"${SRCROOT}/Pods/Target Support Files/Pods-Twitter/Pods-Twitter-frameworks.sh\"\n";
			showEnvVarsInLog = 0;
		};
		6A25E3419A6D15ECBAE0FAF7 /* [CP] Copy Pods Resources */ = {
			isa = PBXShellScriptBuildPhase;
			buildActionMask = 2147483647;
			files = (
			);
			inputPaths = (
			);
			name = "[CP] Copy Pods Resources";
			outputPaths = (
			);
			runOnlyForDeploymentPostprocessing = 0;
			shellPath = /bin/sh;
			shellScript = "\"${SRCROOT}/Pods/Target Support Files/Pods-Twitter/Pods-Twitter-resources.sh\"\n";
			showEnvVarsInLog = 0;
		};
		831CAD5DC65D85D7EA5D3BC1 /* [CP] Check Pods Manifest.lock */ = {
			isa = PBXShellScriptBuildPhase;
			buildActionMask = 2147483647;
			files = (
			);
			inputPaths = (
			);
			name = "[CP] Check Pods Manifest.lock";
			outputPaths = (
			);
			runOnlyForDeploymentPostprocessing = 0;
			shellPath = /bin/sh;
			shellScript = "diff \"${PODS_ROOT}/../Podfile.lock\" \"${PODS_ROOT}/Manifest.lock\" > /dev/null\nif [ $? != 0 ] ; then\n    # print error to STDERR\n    echo \"error: The sandbox is not in sync with the Podfile.lock. Run 'pod install' or update your CocoaPods installation.\" >&2\n    exit 1\nfi\n";
			showEnvVarsInLog = 0;
		};
/* End PBXShellScriptBuildPhase section */

/* Begin PBXSourcesBuildPhase section */
		B1F3D7EA1E5C9B3000E184A0 /* Sources */ = {
			isa = PBXSourcesBuildPhase;
			buildActionMask = 2147483647;
			files = (
				B1528AE01E65120100320C52 /* InfiniteScrollActivityView.swift in Sources */,
				B10B8D2C1E5E6A8700339933 /* User.swift in Sources */,
				B10B8D2E1E5E6A9E00339933 /* Tweet.swift in Sources */,
				B1A9061C1E60823F009EE1ED /* StatusTableViewCell.swift in Sources */,
				B184F2201E5C9D2D00E11358 /* LoginViewController.swift in Sources */,
				B168648B1E5E804E00EB0AF8 /* TweetsViewController.swift in Sources */,
				B16864891E5E75F300EB0AF8 /* TwitterClient.swift in Sources */,
				B1F3D7F21E5C9B3000E184A0 /* AppDelegate.swift in Sources */,
				B1528ADA1E64BF7700320C52 /* AnimationViewController.swift in Sources */,
			);
			runOnlyForDeploymentPostprocessing = 0;
		};
/* End PBXSourcesBuildPhase section */

/* Begin PBXVariantGroup section */
		B1528AE11E6521D800320C52 /* Main.storyboard */ = {
			isa = PBXVariantGroup;
			children = (
				B1528AE21E6521D800320C52 /* Base */,
			);
			name = Main.storyboard;
			sourceTree = "<group>";
		};
		B1F3D7FA1E5C9B3000E184A0 /* LaunchScreen.storyboard */ = {
			isa = PBXVariantGroup;
			children = (
				B1F3D7FB1E5C9B3000E184A0 /* Base */,
			);
			name = LaunchScreen.storyboard;
			sourceTree = "<group>";
		};
/* End PBXVariantGroup section */

/* Begin XCBuildConfiguration section */
		B1F3D7FE1E5C9B3000E184A0 /* Debug */ = {
			isa = XCBuildConfiguration;
			buildSettings = {
				ALWAYS_SEARCH_USER_PATHS = NO;
				CLANG_ANALYZER_NONNULL = YES;
				CLANG_CXX_LANGUAGE_STANDARD = "gnu++0x";
				CLANG_CXX_LIBRARY = "libc++";
				CLANG_ENABLE_MODULES = YES;
				CLANG_ENABLE_OBJC_ARC = YES;
				CLANG_WARN_BOOL_CONVERSION = YES;
				CLANG_WARN_CONSTANT_CONVERSION = YES;
				CLANG_WARN_DIRECT_OBJC_ISA_USAGE = YES_ERROR;
				CLANG_WARN_DOCUMENTATION_COMMENTS = YES;
				CLANG_WARN_EMPTY_BODY = YES;
				CLANG_WARN_ENUM_CONVERSION = YES;
				CLANG_WARN_INFINITE_RECURSION = YES;
				CLANG_WARN_INT_CONVERSION = YES;
				CLANG_WARN_OBJC_ROOT_CLASS = YES_ERROR;
				CLANG_WARN_SUSPICIOUS_MOVE = YES;
				CLANG_WARN_UNREACHABLE_CODE = YES;
				CLANG_WARN__DUPLICATE_METHOD_MATCH = YES;
				"CODE_SIGN_IDENTITY[sdk=iphoneos*]" = "iPhone Developer";
				COPY_PHASE_STRIP = NO;
				DEBUG_INFORMATION_FORMAT = dwarf;
				ENABLE_STRICT_OBJC_MSGSEND = YES;
				ENABLE_TESTABILITY = YES;
				GCC_C_LANGUAGE_STANDARD = gnu99;
				GCC_DYNAMIC_NO_PIC = NO;
				GCC_NO_COMMON_BLOCKS = YES;
				GCC_OPTIMIZATION_LEVEL = 0;
				GCC_PREPROCESSOR_DEFINITIONS = (
					"DEBUG=1",
					"$(inherited)",
				);
				GCC_WARN_64_TO_32_BIT_CONVERSION = YES;
				GCC_WARN_ABOUT_RETURN_TYPE = YES_ERROR;
				GCC_WARN_UNDECLARED_SELECTOR = YES;
				GCC_WARN_UNINITIALIZED_AUTOS = YES_AGGRESSIVE;
				GCC_WARN_UNUSED_FUNCTION = YES;
				GCC_WARN_UNUSED_VARIABLE = YES;
				IPHONEOS_DEPLOYMENT_TARGET = 10.2;
				MTL_ENABLE_DEBUG_INFO = YES;
				ONLY_ACTIVE_ARCH = YES;
				SDKROOT = iphoneos;
				SWIFT_ACTIVE_COMPILATION_CONDITIONS = DEBUG;
				SWIFT_OPTIMIZATION_LEVEL = "-Onone";
				TARGETED_DEVICE_FAMILY = "1,2";
			};
			name = Debug;
		};
		B1F3D7FF1E5C9B3000E184A0 /* Release */ = {
			isa = XCBuildConfiguration;
			buildSettings = {
				ALWAYS_SEARCH_USER_PATHS = NO;
				CLANG_ANALYZER_NONNULL = YES;
				CLANG_CXX_LANGUAGE_STANDARD = "gnu++0x";
				CLANG_CXX_LIBRARY = "libc++";
				CLANG_ENABLE_MODULES = YES;
				CLANG_ENABLE_OBJC_ARC = YES;
				CLANG_WARN_BOOL_CONVERSION = YES;
				CLANG_WARN_CONSTANT_CONVERSION = YES;
				CLANG_WARN_DIRECT_OBJC_ISA_USAGE = YES_ERROR;
				CLANG_WARN_DOCUMENTATION_COMMENTS = YES;
				CLANG_WARN_EMPTY_BODY = YES;
				CLANG_WARN_ENUM_CONVERSION = YES;
				CLANG_WARN_INFINITE_RECURSION = YES;
				CLANG_WARN_INT_CONVERSION = YES;
				CLANG_WARN_OBJC_ROOT_CLASS = YES_ERROR;
				CLANG_WARN_SUSPICIOUS_MOVE = YES;
				CLANG_WARN_UNREACHABLE_CODE = YES;
				CLANG_WARN__DUPLICATE_METHOD_MATCH = YES;
				"CODE_SIGN_IDENTITY[sdk=iphoneos*]" = "iPhone Developer";
				COPY_PHASE_STRIP = NO;
				DEBUG_INFORMATION_FORMAT = "dwarf-with-dsym";
				ENABLE_NS_ASSERTIONS = NO;
				ENABLE_STRICT_OBJC_MSGSEND = YES;
				GCC_C_LANGUAGE_STANDARD = gnu99;
				GCC_NO_COMMON_BLOCKS = YES;
				GCC_WARN_64_TO_32_BIT_CONVERSION = YES;
				GCC_WARN_ABOUT_RETURN_TYPE = YES_ERROR;
				GCC_WARN_UNDECLARED_SELECTOR = YES;
				GCC_WARN_UNINITIALIZED_AUTOS = YES_AGGRESSIVE;
				GCC_WARN_UNUSED_FUNCTION = YES;
				GCC_WARN_UNUSED_VARIABLE = YES;
				IPHONEOS_DEPLOYMENT_TARGET = 10.2;
				MTL_ENABLE_DEBUG_INFO = NO;
				SDKROOT = iphoneos;
				SWIFT_OPTIMIZATION_LEVEL = "-Owholemodule";
				TARGETED_DEVICE_FAMILY = "1,2";
				VALIDATE_PRODUCT = YES;
			};
			name = Release;
		};
		B1F3D8011E5C9B3000E184A0 /* Debug */ = {
			isa = XCBuildConfiguration;
			baseConfigurationReference = 86A0DB13C43BA08EA3A0D9E7 /* Pods-Twitter.debug.xcconfig */;
			buildSettings = {
				ASSETCATALOG_COMPILER_APPICON_NAME = AppIcon;
				INFOPLIST_FILE = Twitter/Info.plist;
				LD_RUNPATH_SEARCH_PATHS = "$(inherited) @executable_path/Frameworks";
				PRODUCT_BUNDLE_IDENTIFIER = Pratyush.Twitter;
				PRODUCT_NAME = "$(TARGET_NAME)";
				SWIFT_VERSION = 3.0;
			};
			name = Debug;
		};
		B1F3D8021E5C9B3000E184A0 /* Release */ = {
			isa = XCBuildConfiguration;
			baseConfigurationReference = 0CCFE1FB34B063DBCB4C0B02 /* Pods-Twitter.release.xcconfig */;
			buildSettings = {
				ASSETCATALOG_COMPILER_APPICON_NAME = AppIcon;
				INFOPLIST_FILE = Twitter/Info.plist;
				LD_RUNPATH_SEARCH_PATHS = "$(inherited) @executable_path/Frameworks";
				PRODUCT_BUNDLE_IDENTIFIER = Pratyush.Twitter;
				PRODUCT_NAME = "$(TARGET_NAME)";
				SWIFT_VERSION = 3.0;
			};
			name = Release;
		};
/* End XCBuildConfiguration section */

/* Begin XCConfigurationList section */
		B1F3D7E91E5C9B3000E184A0 /* Build configuration list for PBXProject "Twitter" */ = {
			isa = XCConfigurationList;
			buildConfigurations = (
				B1F3D7FE1E5C9B3000E184A0 /* Debug */,
				B1F3D7FF1E5C9B3000E184A0 /* Release */,
			);
			defaultConfigurationIsVisible = 0;
			defaultConfigurationName = Release;
		};
		B1F3D8001E5C9B3000E184A0 /* Build configuration list for PBXNativeTarget "Twitter" */ = {
			isa = XCConfigurationList;
			buildConfigurations = (
				B1F3D8011E5C9B3000E184A0 /* Debug */,
				B1F3D8021E5C9B3000E184A0 /* Release */,
			);
			defaultConfigurationIsVisible = 0;
			defaultConfigurationName = Release;
		};
/* End XCConfigurationList section */
	};
	rootObject = B1F3D7E61E5C9B3000E184A0 /* Project object */;
}
